
Microsoft Visual Studio Solution File, Format Version 12.00
# Visual Studio Version 16
VisualStudioVersion = 16.0.30011.22
MinimumVisualStudioVersion = 10.0.40219.1
Project("{FAE04EC0-301F-11D3-BF4B-00C04F79EFBC}") = "Blueprints", "Blueprints.csproj", "{01E20DCC-B903-43AF-AE59-C0BE468A448B}"
EndProject
Project("{FAE04EC0-301F-11D3-BF4B-00C04F79EFBC}") = "BetterKeybinding", "..\..\..\..\TOOLS\BetterKeybinding\BetterKeybinding.csproj", "{7A074D05-578C-48C4-9A0E-1C289CF862E1}"
EndProject
Global
	GlobalSection(SolutionConfigurationPlatforms) = preSolution
		Debug|Any CPU = Debug|Any CPU
		Release|Any CPU = Release|Any CPU
	EndGlobalSection
	GlobalSection(ProjectConfigurationPlatforms) = postSolution
		{01E20DCC-B903-43AF-AE59-C0BE468A448B}.Debug|Any CPU.ActiveCfg = Debug|Any CPU
		{01E20DCC-B903-43AF-AE59-C0BE468A448B}.Debug|Any CPU.Build.0 = Debug|Any CPU
		{01E20DCC-B903-43AF-AE59-C0BE468A448B}.Release|Any CPU.ActiveCfg = Release|Any CPU
		{01E20DCC-B903-43AF-AE59-C0BE468A448B}.Release|Any CPU.Build.0 = Release|Any CPU
		{7A074D05-578C-48C4-9A0E-1C289CF862E1}.Debug|Any CPU.ActiveCfg = Debug|Any CPU
		{7A074D05-578C-48C4-9A0E-1C289CF862E1}.Debug|Any CPU.Build.0 = Debug|Any CPU
		{7A074D05-578C-48C4-9A0E-1C289CF862E1}.Release|Any CPU.ActiveCfg = Release|Any CPU
		{7A074D05-578C-48C4-9A0E-1C289CF862E1}.Release|Any CPU.Build.0 = Release|Any CPU
	EndGlobalSection
	GlobalSection(SolutionProperties) = preSolution
		HideSolutionNode = FALSE
	EndGlobalSection
	GlobalSection(ExtensibilityGlobals) = postSolution
		SolutionGuid = {B4DA56C7-E8BA-4B76-9255-871F95AAC7EC}
	EndGlobalSection
EndGlobal
